
Microsoft Visual Studio Solution File, Format Version 12.00
# Visual Studio Version 17
VisualStudioVersion = 17.7.34031.279
MinimumVisualStudioVersion = 10.0.40219.1
Project("{FAE04EC0-301F-11D3-BF4B-00C04F79EFBC}") = "khiem1", "khiem1.csproj", "{9821DC1F-E39E-44F3-AE63-B85464824461}"
EndProject
Global
	GlobalSection(SolutionConfigurationPlatforms) = preSolution
		Debug|Any CPU = Debug|Any CPU
		Release|Any CPU = Release|Any CPU
	EndGlobalSection
	GlobalSection(ProjectConfigurationPlatforms) = postSolution
		{9821DC1F-E39E-44F3-AE63-B85464824461}.Debug|Any CPU.ActiveCfg = Debug|Any CPU
		{9821DC1F-E39E-44F3-AE63-B85464824461}.Debug|Any CPU.Build.0 = Debug|Any CPU
		{9821DC1F-E39E-44F3-AE63-B85464824461}.Release|Any CPU.ActiveCfg = Release|Any CPU
		{9821DC1F-E39E-44F3-AE63-B85464824461}.Release|Any CPU.Build.0 = Release|Any CPU
	EndGlobalSection
	GlobalSection(SolutionProperties) = preSolution
		HideSolutionNode = FALSE
	EndGlobalSection
	GlobalSection(ExtensibilityGlobals) = postSolution
		SolutionGuid = {4E176182-7F11-4929-AAE3-1B7CE7A84412}
	EndGlobalSection
EndGlobal
